
Microsoft Visual Studio Solution File, Format Version 12.00
# Visual Studio Version 16
VisualStudioVersion = 16.0.31624.102
MinimumVisualStudioVersion = 10.0.40219.1
Project("{F184B08F-C81C-45F6-A57F-5ABD9991F28F}") = "PropertyExplorer", "PropertyExplorer.vbproj", "{23FD1715-180E-485C-9CD5-61A20C1504E9}"
EndProject
Project("{2150E333-8FDC-42A3-9474-1A3956D46DE8}") = "Solution Items", "Solution Items", "{4A3B3D0A-8ABC-4662-BE39-2467FD9D825C}"
	ProjectSection(SolutionItems) = preProject
		.editorconfig = .editorconfig
	EndProjectSection
EndProject
Global
	GlobalSection(SolutionConfigurationPlatforms) = preSolution
		Debug|Any CPU = Debug|Any CPU
		Release|Any CPU = Release|Any CPU
	EndGlobalSection
	GlobalSection(ProjectConfigurationPlatforms) = postSolution
		{23FD1715-180E-485C-9CD5-61A20C1504E9}.Debug|Any CPU.ActiveCfg = Debug|Any CPU
		{23FD1715-180E-485C-9CD5-61A20C1504E9}.Debug|Any CPU.Build.0 = Debug|Any CPU
		{23FD1715-180E-485C-9CD5-61A20C1504E9}.Release|Any CPU.ActiveCfg = Release|Any CPU
		{23FD1715-180E-485C-9CD5-61A20C1504E9}.Release|Any CPU.Build.0 = Release|Any CPU
	EndGlobalSection
	GlobalSection(SolutionProperties) = preSolution
		HideSolutionNode = FALSE
	EndGlobalSection
	GlobalSection(ExtensibilityGlobals) = postSolution
		SolutionGuid = {BE069604-1A97-4591-A2D1-4615CB702583}
	EndGlobalSection
EndGlobal
